
Microsoft Visual Studio Solution File, Format Version 12.00
# Visual Studio 15
VisualStudioVersion = 15.0.27004.2002
MinimumVisualStudioVersion = 10.0.40219.1
Project("{FAE04EC0-301F-11D3-BF4B-00C04F79EFBC}") = "BPopWebAdmin", "BPopWebAdmin\BPopWebAdmin.csproj", "{CDB32F63-D310-4616-A54E-7314AD2CD40C}"
EndProject
Global
	GlobalSection(SolutionConfigurationPlatforms) = preSolution
		Debug|Any CPU = Debug|Any CPU
		Release|Any CPU = Release|Any CPU
	EndGlobalSection
	GlobalSection(ProjectConfigurationPlatforms) = postSolution
		{CDB32F63-D310-4616-A54E-7314AD2CD40C}.Debug|Any CPU.ActiveCfg = Debug|Any CPU
		{CDB32F63-D310-4616-A54E-7314AD2CD40C}.Debug|Any CPU.Build.0 = Debug|Any CPU
		{CDB32F63-D310-4616-A54E-7314AD2CD40C}.Release|Any CPU.ActiveCfg = Release|Any CPU
		{CDB32F63-D310-4616-A54E-7314AD2CD40C}.Release|Any CPU.Build.0 = Release|Any CPU
	EndGlobalSection
	GlobalSection(SolutionProperties) = preSolution
		HideSolutionNode = FALSE
	EndGlobalSection
	GlobalSection(ExtensibilityGlobals) = postSolution
		SolutionGuid = {9C7F87FC-3DF2-4E12-BD05-59576A99E37F}
	EndGlobalSection
EndGlobal
